
Microsoft Visual Studio Solution File, Format Version 12.00
# Visual Studio Version 17
VisualStudioVersion = 17.11.35208.52
MinimumVisualStudioVersion = 10.0.40219.1
Project("{FAE04EC0-301F-11D3-BF4B-00C04F79EFBC}") = "bitrate-calculation", "bitrate-calculation\bitrate-calculation.csproj", "{2D5D16B9-67F2-43C7-A8D1-8D165DCD607E}"
EndProject
Global
	GlobalSection(SolutionConfigurationPlatforms) = preSolution
		Debug|Any CPU = Debug|Any CPU
		Release|Any CPU = Release|Any CPU
	EndGlobalSection
	GlobalSection(ProjectConfigurationPlatforms) = postSolution
		{2D5D16B9-67F2-43C7-A8D1-8D165DCD607E}.Debug|Any CPU.ActiveCfg = Debug|Any CPU
		{2D5D16B9-67F2-43C7-A8D1-8D165DCD607E}.Debug|Any CPU.Build.0 = Debug|Any CPU
		{2D5D16B9-67F2-43C7-A8D1-8D165DCD607E}.Release|Any CPU.ActiveCfg = Release|Any CPU
		{2D5D16B9-67F2-43C7-A8D1-8D165DCD607E}.Release|Any CPU.Build.0 = Release|Any CPU
	EndGlobalSection
	GlobalSection(SolutionProperties) = preSolution
		HideSolutionNode = FALSE
	EndGlobalSection
	GlobalSection(ExtensibilityGlobals) = postSolution
		SolutionGuid = {4548471A-BF50-4A03-AD98-D424CFE63B20}
	EndGlobalSection
EndGlobal
